// !$*UTF8*$!
{
	archiveVersion = 1;
	classes = {
	};
	objectVersion = 56;
	objects = {

/* Begin PBXNativeTarget section */
		AAAA0001 /* iOS */ = {
			isa = PBXNativeTarget;
			buildConfigurationList = AAAA0002 /* Build configuration list for PBXNativeTarget "iOS" */;
			name = iOS;
			packageProductDependencies = (
				BBBB0001 /* Core */,
				BBBB0002 /* Networking */,
			);
			productName = iOS;
			productType = "com.apple.product-type.application";
		};
		AAAA0003 /* watchOS */ = {
			isa = PBXNativeTarget;
			name = watchOS;
			packageProductDependencies = (
				BBBB0001 /* Core */,
			);
			productType = "com.apple.product-type.application";
		};
		AAAA0004 /* widget */ = {
			isa = PBXNativeTarget;
			name = widget;
			packageProductDependencies = (
				BBBB0001 /* Core */,
				BBBB0003 /* Caching */,
			);
			productType = "com.apple.product-type.app-extension";
		};
/* End PBXNativeTarget section */

/* Begin XCSwiftPackageProductDependency section */
		BBBB0001 /* Core */ = {
			isa = XCSwiftPackageProductDependency;
			productName = Core;
		};
		BBBB0002 /* Networking */ = {
			isa = XCSwiftPackageProductDependency;
			productName = Networking;
		};
		BBBB0003 /* Caching */ = {
			isa = XCSwiftPackageProductDependency;
			productName = Caching;
		};
/* End XCSwiftPackageProductDependency section */
	};
	rootObject = ROOT0001 /* Project object */;
}
